github.com/onweru/newsroom v0.0.0-20230111134209-0c38289ad0ce h1:154LMn9uUtkbu60xl5MDKo5fb9OVbYule0GIn1ApEaY=
github.com/onweru/newsroom v0.0.0-20230111134209-0c38289ad0ce/go.mod h1:CnPS3gSJseLHZMhLLbxe+qDzR54HQ7s5RaLujOkejuM=
github.com/onweru/newsroom v0.0.0-20231102080210-9bee6afae0ec h1:6PbjGMKi97lgP0F4idKt3o+y+3jXw1hVew3elTpNcH0=
github.com/onweru/newsroom v0.0.0-20231102080210-9bee6afae0ec/go.mod h1:CnPS3gSJseLHZMhLLbxe+qDzR54HQ7s5RaLujOkejuM=
github.com/onweru/newsroom v0.0.0-20240414151804-1aeb1e759f75 h1:x4GkASa4jpTBg91Hyhh8OQzGc6Wn1MXD2LdwsTQ056U=
github.com/onweru/newsroom v0.0.0-20240414151804-1aeb1e759f75/go.mod h1:CnPS3gSJseLHZMhLLbxe+qDzR54HQ7s5RaLujOkejuM=
github.com/onweru/newsroom v0.0.0-20250123181833-75601f4c7f58 h1:SGwLohpg6L2aFepiaSLFNHFecbh/BV+29p9ZCbUtZ98=
github.com/onweru/newsroom v0.0.0-20250123181833-75601f4c7f58/go.mod h1:CnPS3gSJseLHZMhLLbxe+qDzR54HQ7s5RaLujOkejuM=
github.com/onweru/newsroom v0.0.0-20250123184812-38b5c3a85b4a h1:xhzUcJ8Zn8O/x3X8OGtzBws1kSYSoYWQq7jfh4Q4oAI=
github.com/onweru/newsroom v0.0.0-20250123184812-38b5c3a85b4a/go.mod h1:CnPS3gSJseLHZMhLLbxe+qDzR54HQ7s5RaLujOkejuM=
